
Microsoft Visual Studio Solution File, Format Version 12.00
# Visual Studio Version 16
VisualStudioVersion = 16.0.30907.101
MinimumVisualStudioVersion = 10.0.40219.1
Project("{FAE04EC0-301F-11D3-BF4B-00C04F79EFBC}") = "BSI-Demo-Benchmark", "BSI-Demo-Benchmark\BSI-Demo-Benchmark.csproj", "{66AFC684-7C7F-4470-9E58-62839A32CA06}"
EndProject
Global
	GlobalSection(SolutionConfigurationPlatforms) = preSolution
		Debug|Any CPU = Debug|Any CPU
		Release|Any CPU = Release|Any CPU
	EndGlobalSection
	GlobalSection(ProjectConfigurationPlatforms) = postSolution
		{66AFC684-7C7F-4470-9E58-62839A32CA06}.Debug|Any CPU.ActiveCfg = Debug|Any CPU
		{66AFC684-7C7F-4470-9E58-62839A32CA06}.Debug|Any CPU.Build.0 = Debug|Any CPU
		{66AFC684-7C7F-4470-9E58-62839A32CA06}.Release|Any CPU.ActiveCfg = Release|Any CPU
		{66AFC684-7C7F-4470-9E58-62839A32CA06}.Release|Any CPU.Build.0 = Release|Any CPU
	EndGlobalSection
	GlobalSection(SolutionProperties) = preSolution
		HideSolutionNode = FALSE
	EndGlobalSection
	GlobalSection(ExtensibilityGlobals) = postSolution
		SolutionGuid = {CB4891A6-1A8A-4046-9109-C999F1F10F39}
	EndGlobalSection
EndGlobal
